// !$*UTF8*$!
{
	archiveVersion = 1;
	classes = {
	};
	objectVersion = 55;
	objects = {

/* Begin PBXBuildFile section */
		99CBB72A27D95BA1002212D8 /* AppDelegate.swift in Sources */ = {isa = PBXBuildFile; fileRef = 99CBB72927D95BA1002212D8 /* AppDelegate.swift */; };
		99CBB72C27D95BA1002212D8 /* SceneDelegate.swift in Sources */ = {isa = PBXBuildFile; fileRef = 99CBB72B27D95BA1002212D8 /* SceneDelegate.swift */; };
		99CBB72E27D95BA1002212D8 /* ViewController.swift in Sources */ = {isa = PBXBuildFile; fileRef = 99CBB72D27D95BA1002212D8 /* ViewController.swift */; };
		99CBB73127D95BA1002212D8 /* Main.storyboard in Resources */ = {isa = PBXBuildFile; fileRef = 99CBB72F27D95BA1002212D8 /* Main.storyboard */; };
		99CBB73327D95BA3002212D8 /* Assets.xcassets in Resources */ = {isa = PBXBuildFile; fileRef = 99CBB73227D95BA3002212D8 /* Assets.xcassets */; };
		99CBB73627D95BA3002212D8 /* LaunchScreen.storyboard in Resources */ = {isa = PBXBuildFile; fileRef = 99CBB73427D95BA3002212D8 /* LaunchScreen.storyboard */; };
		99CBB74127D95BA3002212D8 /* AULA_03Tests.swift in Sources */ = {isa = PBXBuildFile; fileRef = 99CBB74027D95BA3002212D8 /* AULA_03Tests.swift */; };
		99CBB74B27D95BA3002212D8 /* AULA_03UITests.swift in Sources */ = {isa = PBXBuildFile; fileRef = 99CBB74A27D95BA3002212D8 /* AULA_03UITests.swift */; };
		99CBB74D27D95BA3002212D8 /* AULA_03UITestsLaunchTests.swift in Sources */ = {isa = PBXBuildFile; fileRef = 99CBB74C27D95BA3002212D8 /* AULA_03UITestsLaunchTests.swift */; };
/* End PBXBuildFile section */

/* Begin PBXContainerItemProxy section */
		99CBB73D27D95BA3002212D8 /* PBXContainerItemProxy */ = {
			isa = PBXContainerItemProxy;
			containerPortal = 99CBB71E27D95BA1002212D8 /* Project object */;
			proxyType = 1;
			remoteGlobalIDString = 99CBB72527D95BA1002212D8;
			remoteInfo = "AULA 03";
		};
		99CBB74727D95BA3002212D8 /* PBXContainerItemProxy */ = {
			isa = PBXContainerItemProxy;
			containerPortal = 99CBB71E27D95BA1002212D8 /* Project object */;
			proxyType = 1;
			remoteGlobalIDString = 99CBB72527D95BA1002212D8;
			remoteInfo = "AULA 03";
		};
/* End PBXContainerItemProxy section */

/* Begin PBXFileReference section */
		99CBB72627D95BA1002212D8 /* AULA 03.app */ = {isa = PBXFileReference; explicitFileType = wrapper.application; includeInIndex = 0; path = "AULA 03.app"; sourceTree = BUILT_PRODUCTS_DIR; };
		99CBB72927D95BA1002212D8 /* AppDelegate.swift */ = {isa = PBXFileReference; lastKnownFileType = sourcecode.swift; path = AppDelegate.swift; sourceTree = "<group>"; };
		99CBB72B27D95BA1002212D8 /* SceneDelegate.swift */ = {isa = PBXFileReference; lastKnownFileType = sourcecode.swift; path = SceneDelegate.swift; sourceTree = "<group>"; };
		99CBB72D27D95BA1002212D8 /* ViewController.swift */ = {isa = PBXFileReference; lastKnownFileType = sourcecode.swift; path = ViewController.swift; sourceTree = "<group>"; };
		99CBB73027D95BA1002212D8 /* Base */ = {isa = PBXFileReference; lastKnownFileType = file.storyboard; name = Base; path = Base.lproj/Main.storyboard; sourceTree = "<group>"; };
		99CBB73227D95BA3002212D8 /* Assets.xcassets */ = {isa = PBXFileReference; lastKnownFileType = folder.assetcatalog; path = Assets.xcassets; sourceTree = "<group>"; };
		99CBB73527D95BA3002212D8 /* Base */ = {isa = PBXFileReference; lastKnownFileType = file.storyboard; name = Base; path = Base.lproj/LaunchScreen.storyboard; sourceTree = "<group>"; };
		99CBB73727D95BA3002212D8 /* Info.plist */ = {isa = PBXFileReference; lastKnownFileType = text.plist.xml; path = Info.plist; sourceTree = "<group>"; };
		99CBB73C27D95BA3002212D8 /* AULA 03Tests.xctest */ = {isa = PBXFileReference; explicitFileType = wrapper.cfbundle; includeInIndex = 0; path = "AULA 03Tests.xctest"; sourceTree = BUILT_PRODUCTS_DIR; };
		99CBB74027D95BA3002212D8 /* AULA_03Tests.swift */ = {isa = PBXFileReference; lastKnownFileType = sourcecode.swift; path = AULA_03Tests.swift; sourceTree = "<group>"; };
		99CBB74627D95BA3002212D8 /* AULA 03UITests.xctest */ = {isa = PBXFileReference; explicitFileType = wrapper.cfbundle; includeInIndex = 0; path = "AULA 03UITests.xctest"; sourceTree = BUILT_PRODUCTS_DIR; };
		99CBB74A27D95BA3002212D8 /* AULA_03UITests.swift */ = {isa = PBXFileReference; lastKnownFileType = sourcecode.swift; path = AULA_03UITests.swift; sourceTree = "<group>"; };
		99CBB74C27D95BA3002212D8 /* AULA_03UITestsLaunchTests.swift */ = {isa = PBXFileReference; lastKnownFileType = sourcecode.swift; path = AULA_03UITestsLaunchTests.swift; sourceTree = "<group>"; };
/* End PBXFileReference section */

/* Begin PBXFrameworksBuildPhase section */
		99CBB72327D95BA1002212D8 /* Frameworks */ = {
			isa = PBXFrameworksBuildPhase;
			buildActionMask = 2147483647;
			files = (
			);
			runOnlyForDeploymentPostprocessing = 0;
		};
		99CBB73927D95BA3002212D8 /* Frameworks */ = {
			isa = PBXFrameworksBuildPhase;
			buildActionMask = 2147483647;
			files = (
			);
			runOnlyForDeploymentPostprocessing = 0;
		};
		99CBB74327D95BA3002212D8 /* Frameworks */ = {
			isa = PBXFrameworksBuildPhase;
			buildActionMask = 2147483647;
			files = (
			);
			runOnlyForDeploymentPostprocessing = 0;
		};
/* End PBXFrameworksBuildPhase section */

/* Begin PBXGroup section */
		99CBB71D27D95BA1002212D8 = {
			isa = PBXGroup;
			children = (
				99CBB72827D95BA1002212D8 /* AULA 03 */,
				99CBB73F27D95BA3002212D8 /* AULA 03Tests */,
				99CBB74927D95BA3002212D8 /* AULA 03UITests */,
				99CBB72727D95BA1002212D8 /* Products */,
			);
			sourceTree = "<group>";
		};
		99CBB72727D95BA1002212D8 /* Products */ = {
			isa = PBXGroup;
			children = (
				99CBB72627D95BA1002212D8 /* AULA 03.app */,
				99CBB73C27D95BA3002212D8 /* AULA 03Tests.xctest */,
				99CBB74627D95BA3002212D8 /* AULA 03UITests.xctest */,
			);
			name = Products;
			sourceTree = "<group>";
		};
		99CBB72827D95BA1002212D8 /* AULA 03 */ = {
			isa = PBXGroup;
			children = (
				99CBB72927D95BA1002212D8 /* AppDelegate.swift */,
				99CBB72B27D95BA1002212D8 /* SceneDelegate.swift */,
				99CBB72D27D95BA1002212D8 /* ViewController.swift */,
				99CBB72F27D95BA1002212D8 /* Main.storyboard */,
				99CBB73227D95BA3002212D8 /* Assets.xcassets */,
				99CBB73427D95BA3002212D8 /* LaunchScreen.storyboard */,
				99CBB73727D95BA3002212D8 /* Info.plist */,
			);
			path = "AULA 03";
			sourceTree = "<group>";
		};
		99CBB73F27D95BA3002212D8 /* AULA 03Tests */ = {
			isa = PBXGroup;
			children = (
				99CBB74027D95BA3002212D8 /* AULA_03Tests.swift */,
			);
			path = "AULA 03Tests";
			sourceTree = "<group>";
		};
		99CBB74927D95BA3002212D8 /* AULA 03UITests */ = {
			isa = PBXGroup;
			children = (
				99CBB74A27D95BA3002212D8 /* AULA_03UITests.swift */,
				99CBB74C27D95BA3002212D8 /* AULA_03UITestsLaunchTests.swift */,
			);
			path = "AULA 03UITests";
			sourceTree = "<group>";
		};
/* End PBXGroup section */

/* Begin PBXNativeTarget section */
		99CBB72527D95BA1002212D8 /* AULA 03 */ = {
			isa = PBXNativeTarget;
			buildConfigurationList = 99CBB75027D95BA3002212D8 /* Build configuration list for PBXNativeTarget "AULA 03" */;
			buildPhases = (
				99CBB72227D95BA1002212D8 /* Sources */,
				99CBB72327D95BA1002212D8 /* Frameworks */,
				99CBB72427D95BA1002212D8 /* Resources */,
			);
			buildRules = (
			);
			dependencies = (
			);
			name = "AULA 03";
			productName = "AULA 03";
			productReference = 99CBB72627D95BA1002212D8 /* AULA 03.app */;
			productType = "com.apple.product-type.application";
		};
		99CBB73B27D95BA3002212D8 /* AULA 03Tests */ = {
			isa = PBXNativeTarget;
			buildConfigurationList = 99CBB75327D95BA3002212D8 /* Build configuration list for PBXNativeTarget "AULA 03Tests" */;
			buildPhases = (
				99CBB73827D95BA3002212D8 /* Sources */,
				99CBB73927D95BA3002212D8 /* Frameworks */,
				99CBB73A27D95BA3002212D8 /* Resources */,
			);
			buildRules = (
			);
			dependencies = (
				99CBB73E27D95BA3002212D8 /* PBXTargetDependency */,
			);
			name = "AULA 03Tests";
			productName = "AULA 03Tests";
			productReference = 99CBB73C27D95BA3002212D8 /* AULA 03Tests.xctest */;
			productType = "com.apple.product-type.bundle.unit-test";
		};
		99CBB74527D95BA3002212D8 /* AULA 03UITests */ = {
			isa = PBXNativeTarget;
			buildConfigurationList = 99CBB75627D95BA3002212D8 /* Build configuration list for PBXNativeTarget "AULA 03UITests" */;
			buildPhases = (
				99CBB74227D95BA3002212D8 /* Sources */,
				99CBB74327D95BA3002212D8 /* Frameworks */,
				99CBB74427D95BA3002212D8 /* Resources */,
			);
			buildRules = (
			);
			dependencies = (
				99CBB74827D95BA3002212D8 /* PBXTargetDependency */,
			);
			name = "AULA 03UITests";
			productName = "AULA 03UITests";
			productReference = 99CBB74627D95BA3002212D8 /* AULA 03UITests.xctest */;
			productType = "com.apple.product-type.bundle.ui-testing";
		};
/* End PBXNativeTarget section */

/* Begin PBXProject section */
		99CBB71E27D95BA1002212D8 /* Project object */ = {
			isa = PBXProject;
			attributes = {
				BuildIndependentTargetsInParallel = 1;
				LastSwiftUpdateCheck = 1320;
				LastUpgradeCheck = 1320;
				TargetAttributes = {
					99CBB72527D95BA1002212D8 = {
						CreatedOnToolsVersion = 13.2.1;
					};
					99CBB73B27D95BA3002212D8 = {
						CreatedOnToolsVersion = 13.2.1;
						TestTargetID = 99CBB72527D95BA1002212D8;
					};
					99CBB74527D95BA3002212D8 = {
						CreatedOnToolsVersion = 13.2.1;
						TestTargetID = 99CBB72527D95BA1002212D8;
					};
				};
			};
			buildConfigurationList = 99CBB72127D95BA1002212D8 /* Build configuration list for PBXProject "AULA 03" */;
			compatibilityVersion = "Xcode 13.0";
			developmentRegion = en;
			hasScannedForEncodings = 0;
			knownRegions = (
				en,
				Base,
			);
			mainGroup = 99CBB71D27D95BA1002212D8;
			productRefGroup = 99CBB72727D95BA1002212D8 /* Products */;
			projectDirPath = "";
			projectRoot = "";
			targets = (
				99CBB72527D95BA1002212D8 /* AULA 03 */,
				99CBB73B27D95BA3002212D8 /* AULA 03Tests */,
				99CBB74527D95BA3002212D8 /* AULA 03UITests */,
			);
		};
/* End PBXProject section */

/* Begin PBXResourcesBuildPhase section */
		99CBB72427D95BA1002212D8 /* Resources */ = {
			isa = PBXResourcesBuildPhase;
			buildActionMask = 2147483647;
			files = (
				99CBB73627D95BA3002212D8 /* LaunchScreen.storyboard in Resources */,
				99CBB73327D95BA3002212D8 /* Assets.xcassets in Resources */,
				99CBB73127D95BA1002212D8 /* Main.storyboard in Resources */,
			);
			runOnlyForDeploymentPostprocessing = 0;
		};
		99CBB73A27D95BA3002212D8 /* Resources */ = {
			isa = PBXResourcesBuildPhase;
			buildActionMask = 2147483647;
			files = (
			);
			runOnlyForDeploymentPostprocessing = 0;
		};
		99CBB74427D95BA3002212D8 /* Resources */ = {
			isa = PBXResourcesBuildPhase;
			buildActionMask = 2147483647;
			files = (
			);
			runOnlyForDeploymentPostprocessing = 0;
		};
/* End PBXResourcesBuildPhase section */

/* Begin PBXSourcesBuildPhase section */
		99CBB72227D95BA1002212D8 /* Sources */ = {
			isa = PBXSourcesBuildPhase;
			buildActionMask = 2147483647;
			files = (
				99CBB72E27D95BA1002212D8 /* ViewController.swift in Sources */,
				99CBB72A27D95BA1002212D8 /* AppDelegate.swift in Sources */,
				99CBB72C27D95BA1002212D8 /* SceneDelegate.swift in Sources */,
			);
			runOnlyForDeploymentPostprocessing = 0;
		};
		99CBB73827D95BA3002212D8 /* Sources */ = {
			isa = PBXSourcesBuildPhase;
			buildActionMask = 2147483647;
			files = (
				99CBB74127D95BA3002212D8 /* AULA_03Tests.swift in Sources */,
			);
			runOnlyForDeploymentPostprocessing = 0;
		};
		99CBB74227D95BA3002212D8 /* Sources */ = {
			isa = PBXSourcesBuildPhase;
			buildActionMask = 2147483647;
			files = (
				99CBB74D27D95BA3002212D8 /* AULA_03UITestsLaunchTests.swift in Sources */,
				99CBB74B27D95BA3002212D8 /* AULA_03UITests.swift in Sources */,
			);
			runOnlyForDeploymentPostprocessing = 0;
		};
/* End PBXSourcesBuildPhase section */

/* Begin PBXTargetDependency section */
		99CBB73E27D95BA3002212D8 /* PBXTargetDependency */ = {
			isa = PBXTargetDependency;
			target = 99CBB72527D95BA1002212D8 /* AULA 03 */;
			targetProxy = 99CBB73D27D95BA3002212D8 /* PBXContainerItemProxy */;
		};
		99CBB74827D95BA3002212D8 /* PBXTargetDependency */ = {
			isa = PBXTargetDependency;
			target = 99CBB72527D95BA1002212D8 /* AULA 03 */;
			targetProxy = 99CBB74727D95BA3002212D8 /* PBXContainerItemProxy */;
		};
/* End PBXTargetDependency section */

/* Begin PBXVariantGroup section */
		99CBB72F27D95BA1002212D8 /* Main.storyboard */ = {
			isa = PBXVariantGroup;
			children = (
				99CBB73027D95BA1002212D8 /* Base */,
			);
			name = Main.storyboard;
			sourceTree = "<group>";
		};
		99CBB73427D95BA3002212D8 /* LaunchScreen.storyboard */ = {
			isa = PBXVariantGroup;
			children = (
				99CBB73527D95BA3002212D8 /* Base */,
			);
			name = LaunchScreen.storyboard;
			sourceTree = "<group>";
		};
/* End PBXVariantGroup section */

/* Begin XCBuildConfiguration section */
		99CBB74E27D95BA3002212D8 /* Debug */ = {
			isa = XCBuildConfiguration;
			buildSettings = {
				ALWAYS_SEARCH_USER_PATHS = NO;
				CLANG_ANALYZER_NONNULL = YES;
				CLANG_ANALYZER_NUMBER_OBJECT_CONVERSION = YES_AGGRESSIVE;
				CLANG_CXX_LANGUAGE_STANDARD = "gnu++17";
				CLANG_CXX_LIBRARY = "libc++";
				CLANG_ENABLE_MODULES = YES;
				CLANG_ENABLE_OBJC_ARC = YES;
				CLANG_ENABLE_OBJC_WEAK = YES;
				CLANG_WARN_BLOCK_CAPTURE_AUTORELEASING = YES;
				CLANG_WARN_BOOL_CONVERSION = YES;
				CLANG_WARN_COMMA = YES;
				CLANG_WARN_CONSTANT_CONVERSION = YES;
				CLANG_WARN_DEPRECATED_OBJC_IMPLEMENTATIONS = YES;
				CLANG_WARN_DIRECT_OBJC_ISA_USAGE = YES_ERROR;
				CLANG_WARN_DOCUMENTATION_COMMENTS = YES;
				CLANG_WARN_EMPTY_BODY = YES;
				CLANG_WARN_ENUM_CONVERSION = YES;
				CLANG_WARN_INFINITE_RECURSION = YES;
				CLANG_WARN_INT_CONVERSION = YES;
				CLANG_WARN_NON_LITERAL_NULL_CONVERSION = YES;
				CLANG_WARN_OBJC_IMPLICIT_RETAIN_SELF = YES;
				CLANG_WARN_OBJC_LITERAL_CONVERSION = YES;
				CLANG_WARN_OBJC_ROOT_CLASS = YES_ERROR;
				CLANG_WARN_QUOTED_INCLUDE_IN_FRAMEWORK_HEADER = YES;
				CLANG_WARN_RANGE_LOOP_ANALYSIS = YES;
				CLANG_WARN_STRICT_PROTOTYPES = YES;
				CLANG_WARN_SUSPICIOUS_MOVE = YES;
				CLANG_WARN_UNGUARDED_AVAILABILITY = YES_AGGRESSIVE;
				CLANG_WARN_UNREACHABLE_CODE = YES;
				CLANG_WARN__DUPLICATE_METHOD_MATCH = YES;
				COPY_PHASE_STRIP = NO;
				DEBUG_INFORMATION_FORMAT = dwarf;
				ENABLE_STRICT_OBJC_MSGSEND = YES;
				ENABLE_TESTABILITY = YES;
				GCC_C_LANGUAGE_STANDARD = gnu11;
				GCC_DYNAMIC_NO_PIC = NO;
				GCC_NO_COMMON_BLOCKS = YES;
				GCC_OPTIMIZATION_LEVEL = 0;
				GCC_PREPROCESSOR_DEFINITIONS = (
					"DEBUG=1",
					"$(inherited)",
				);
				GCC_WARN_64_TO_32_BIT_CONVERSION = YES;
				GCC_WARN_ABOUT_RETURN_TYPE = YES_ERROR;
				GCC_WARN_UNDECLARED_SELECTOR = YES;
				GCC_WARN_UNINITIALIZED_AUTOS = YES_AGGRESSIVE;
				GCC_WARN_UNUSED_FUNCTION = YES;
				GCC_WARN_UNUSED_VARIABLE = YES;
				IPHONEOS_DEPLOYMENT_TARGET = 15.2;
				MTL_ENABLE_DEBUG_INFO = INCLUDE_SOURCE;
				MTL_FAST_MATH = YES;
				ONLY_ACTIVE_ARCH = YES;
				SDKROOT = iphoneos;
				SWIFT_ACTIVE_COMPILATION_CONDITIONS = DEBUG;
				SWIFT_OPTIMIZATION_LEVEL = "-Onone";
			};
			name = Debug;
		};
		99CBB74F27D95BA3002212D8 /* Release */ = {
			isa = XCBuildConfiguration;
			buildSettings = {
				ALWAYS_SEARCH_USER_PATHS = NO;
				CLANG_ANALYZER_NONNULL = YES;
				CLANG_ANALYZER_NUMBER_OBJECT_CONVERSION = YES_AGGRESSIVE;
				CLANG_CXX_LANGUAGE_STANDARD = "gnu++17";
				CLANG_CXX_LIBRARY = "libc++";
				CLANG_ENABLE_MODULES = YES;
				CLANG_ENABLE_OBJC_ARC = YES;
				CLANG_ENABLE_OBJC_WEAK = YES;
				CLANG_WARN_BLOCK_CAPTURE_AUTORELEASING = YES;
				CLANG_WARN_BOOL_CONVERSION = YES;
				CLANG_WARN_COMMA = YES;
				CLANG_WARN_CONSTANT_CONVERSION = YES;
				CLANG_WARN_DEPRECATED_OBJC_IMPLEMENTATIONS = YES;
				CLANG_WARN_DIRECT_OBJC_ISA_USAGE = YES_ERROR;
				CLANG_WARN_DOCUMENTATION_COMMENTS = YES;
				CLANG_WARN_EMPTY_BODY = YES;
				CLANG_WARN_ENUM_CONVERSION = YES;
				CLANG_WARN_INFINITE_RECURSION = YES;
				CLANG_WARN_INT_CONVERSION = YES;
				CLANG_WARN_NON_LITERAL_NULL_CONVERSION = YES;
				CLANG_WARN_OBJC_IMPLICIT_RETAIN_SELF = YES;
				CLANG_WARN_OBJC_LITERAL_CONVERSION = YES;
				CLANG_WARN_OBJC_ROOT_CLASS = YES_ERROR;
				CLANG_WARN_QUOTED_INCLUDE_IN_FRAMEWORK_HEADER = YES;
				CLANG_WARN_RANGE_LOOP_ANALYSIS = YES;
				CLANG_WARN_STRICT_PROTOTYPES = YES;
				CLANG_WARN_SUSPICIOUS_MOVE = YES;
				CLANG_WARN_UNGUARDED_AVAILABILITY = YES_AGGRESSIVE;
				CLANG_WARN_UNREACHABLE_CODE = YES;
				CLANG_WARN__DUPLICATE_METHOD_MATCH = YES;
				COPY_PHASE_STRIP = NO;
				DEBUG_INFORMATION_FORMAT = "dwarf-with-dsym";
				ENABLE_NS_ASSERTIONS = NO;
				ENABLE_STRICT_OBJC_MSGSEND = YES;
				GCC_C_LANGUAGE_STANDARD = gnu11;
				GCC_NO_COMMON_BLOCKS = YES;
				GCC_WARN_64_TO_32_BIT_CONVERSION = YES;
				GCC_WARN_ABOUT_RETURN_TYPE = YES_ERROR;
				GCC_WARN_UNDECLARED_SELECTOR = YES;
				GCC_WARN_UNINITIALIZED_AUTOS = YES_AGGRESSIVE;
				GCC_WARN_UNUSED_FUNCTION = YES;
				GCC_WARN_UNUSED_VARIABLE = YES;
				IPHONEOS_DEPLOYMENT_TARGET = 15.2;
				MTL_ENABLE_DEBUG_INFO = NO;
				MTL_FAST_MATH = YES;
				SDKROOT = iphoneos;
				SWIFT_COMPILATION_MODE = wholemodule;
				SWIFT_OPTIMIZATION_LEVEL = "-O";
				VALIDATE_PRODUCT = YES;
			};
			name = Release;
		};
		99CBB75127D95BA3002212D8 /* Debug */ = {
			isa = XCBuildConfiguration;
			buildSettings = {
				ASSETCATALOG_COMPILER_APPICON_NAME = AppIcon;
				ASSETCATALOG_COMPILER_GLOBAL_ACCENT_COLOR_NAME = AccentColor;
				CODE_SIGN_STYLE = Automatic;
				CURRENT_PROJECT_VERSION = 1;
				DEVELOPMENT_TEAM = 9SST9GN3M8;
				GENERATE_INFOPLIST_FILE = YES;
				INFOPLIST_FILE = "AULA 03/Info.plist";
				INFOPLIST_KEY_UIApplicationSupportsIndirectInputEvents = YES;
				INFOPLIST_KEY_UILaunchStoryboardName = LaunchScreen;
				INFOPLIST_KEY_UIMainStoryboardFile = Main;
				INFOPLIST_KEY_UISupportedInterfaceOrientations_iPad = "UIInterfaceOrientationPortrait UIInterfaceOrientationPortraitUpsideDown UIInterfaceOrientationLandscapeLeft UIInterfaceOrientationLandscapeRight";
				INFOPLIST_KEY_UISupportedInterfaceOrientations_iPhone = "UIInterfaceOrientationPortrait UIInterfaceOrientationLandscapeLeft UIInterfaceOrientationLandscapeRight";
				LD_RUNPATH_SEARCH_PATHS = (
					"$(inherited)",
					"@executable_path/Frameworks",
				);
				MARKETING_VERSION = 1.0;
				PRODUCT_BUNDLE_IDENTIFIER = "com.cursoID.AULA-03";
				PRODUCT_NAME = "$(TARGET_NAME)";
				SWIFT_EMIT_LOC_STRINGS = YES;
				SWIFT_VERSION = 5.0;
				TARGETED_DEVICE_FAMILY = "1,2";
			};
			name = Debug;
		};
		99CBB75227D95BA3002212D8 /* Release */ = {
			isa = XCBuildConfiguration;
			buildSettings = {
				ASSETCATALOG_COMPILER_APPICON_NAME = AppIcon;
				ASSETCATALOG_COMPILER_GLOBAL_ACCENT_COLOR_NAME = AccentColor;
				CODE_SIGN_STYLE = Automatic;
				CURRENT_PROJECT_VERSION = 1;
				DEVELOPMENT_TEAM = 9SST9GN3M8;
				GENERATE_INFOPLIST_FILE = YES;
				INFOPLIST_FILE = "AULA 03/Info.plist";
				INFOPLIST_KEY_UIApplicationSupportsIndirectInputEvents = YES;
				INFOPLIST_KEY_UILaunchStoryboardName = LaunchScreen;
				INFOPLIST_KEY_UIMainStoryboardFile = Main;
				INFOPLIST_KEY_UISupportedInterfaceOrientations_iPad = "UIInterfaceOrientationPortrait UIInterfaceOrientationPortraitUpsideDown UIInterfaceOrientationLandscapeLeft UIInterfaceOrientationLandscapeRight";
				INFOPLIST_KEY_UISupportedInterfaceOrientations_iPhone = "UIInterfaceOrientationPortrait UIInterfaceOrientationLandscapeLeft UIInterfaceOrientationLandscapeRight";
				LD_RUNPATH_SEARCH_PATHS = (
					"$(inherited)",
					"@executable_path/Frameworks",
				);
				MARKETING_VERSION = 1.0;
				PRODUCT_BUNDLE_IDENTIFIER = "com.cursoID.AULA-03";
				PRODUCT_NAME = "$(TARGET_NAME)";
				SWIFT_EMIT_LOC_STRINGS = YES;
				SWIFT_VERSION = 5.0;
				TARGETED_DEVICE_FAMILY = "1,2";
			};
			name = Release;
		};
		99CBB75427D95BA3002212D8 /* Debug */ = {
			isa = XCBuildConfiguration;
			buildSettings = {
				ALWAYS_EMBED_SWIFT_STANDARD_LIBRARIES = YES;
				BUNDLE_LOADER = "$(TEST_HOST)";
				CODE_SIGN_STYLE = Automatic;
				CURRENT_PROJECT_VERSION = 1;
				DEVELOPMENT_TEAM = 9SST9GN3M8;
				GENERATE_INFOPLIST_FILE = YES;
				IPHONEOS_DEPLOYMENT_TARGET = 15.2;
				MARKETING_VERSION = 1.0;
				PRODUCT_BUNDLE_IDENTIFIER = "com.cursoID.AULA-03Tests";
				PRODUCT_NAME = "$(TARGET_NAME)";
				SWIFT_EMIT_LOC_STRINGS = NO;
				SWIFT_VERSION = 5.0;
				TARGETED_DEVICE_FAMILY = "1,2";
				TEST_HOST = "$(BUILT_PRODUCTS_DIR)/AULA 03.app/AULA 03";
			};
			name = Debug;
		};
		99CBB75527D95BA3002212D8 /* Release */ = {
			isa = XCBuildConfiguration;
			buildSettings = {
				ALWAYS_EMBED_SWIFT_STANDARD_LIBRARIES = YES;
				BUNDLE_LOADER = "$(TEST_HOST)";
				CODE_SIGN_STYLE = Automatic;
				CURRENT_PROJECT_VERSION = 1;
				DEVELOPMENT_TEAM = 9SST9GN3M8;
				GENERATE_INFOPLIST_FILE = YES;
				IPHONEOS_DEPLOYMENT_TARGET = 15.2;
				MARKETING_VERSION = 1.0;
				PRODUCT_BUNDLE_IDENTIFIER = "com.cursoID.AULA-03Tests";
				PRODUCT_NAME = "$(TARGET_NAME)";
				SWIFT_EMIT_LOC_STRINGS = NO;
				SWIFT_VERSION = 5.0;
				TARGETED_DEVICE_FAMILY = "1,2";
				TEST_HOST = "$(BUILT_PRODUCTS_DIR)/AULA 03.app/AULA 03";
			};
			name = Release;
		};
		99CBB75727D95BA3002212D8 /* Debug */ = {
			isa = XCBuildConfiguration;
			buildSettings = {
				ALWAYS_EMBED_SWIFT_STANDARD_LIBRARIES = YES;
				CODE_SIGN_STYLE = Automatic;
				CURRENT_PROJECT_VERSION = 1;
				DEVELOPMENT_TEAM = 9SST9GN3M8;
				GENERATE_INFOPLIST_FILE = YES;
				MARKETING_VERSION = 1.0;
				PRODUCT_BUNDLE_IDENTIFIER = "com.cursoID.AULA-03UITests";
				PRODUCT_NAME = "$(TARGET_NAME)";
				SWIFT_EMIT_LOC_STRINGS = NO;
				SWIFT_VERSION = 5.0;
				TARGETED_DEVICE_FAMILY = "1,2";
				TEST_TARGET_NAME = "AULA 03";
			};
			name = Debug;
		};
		99CBB75827D95BA3002212D8 /* Release */ = {
			isa = XCBuildConfiguration;
			buildSettings = {
				ALWAYS_EMBED_SWIFT_STANDARD_LIBRARIES = YES;
				CODE_SIGN_STYLE = Automatic;
				CURRENT_PROJECT_VERSION = 1;
				DEVELOPMENT_TEAM = 9SST9GN3M8;
				GENERATE_INFOPLIST_FILE = YES;
				MARKETING_VERSION = 1.0;
				PRODUCT_BUNDLE_IDENTIFIER = "com.cursoID.AULA-03UITests";
				PRODUCT_NAME = "$(TARGET_NAME)";
				SWIFT_EMIT_LOC_STRINGS = NO;
				SWIFT_VERSION = 5.0;
				TARGETED_DEVICE_FAMILY = "1,2";
				TEST_TARGET_NAME = "AULA 03";
			};
			name = Release;
		};
/* End XCBuildConfiguration section */

/* Begin XCConfigurationList section */
		99CBB72127D95BA1002212D8 /* Build configuration list for PBXProject "AULA 03" */ = {
			isa = XCConfigurationList;
			buildConfigurations = (
				99CBB74E27D95BA3002212D8 /* Debug */,
				99CBB74F27D95BA3002212D8 /* Release */,
			);
			defaultConfigurationIsVisible = 0;
			defaultConfigurationName = Release;
		};
		99CBB75027D95BA3002212D8 /* Build configuration list for PBXNativeTarget "AULA 03" */ = {
			isa = XCConfigurationList;
			buildConfigurations = (
				99CBB75127D95BA3002212D8 /* Debug */,
				99CBB75227D95BA3002212D8 /* Release */,
			);
			defaultConfigurationIsVisible = 0;
			defaultConfigurationName = Release;
		};
		99CBB75327D95BA3002212D8 /* Build configuration list for PBXNativeTarget "AULA 03Tests" */ = {
			isa = XCConfigurationList;
			buildConfigurations = (
				99CBB75427D95BA3002212D8 /* Debug */,
				99CBB75527D95BA3002212D8 /* Release */,
			);
			defaultConfigurationIsVisible = 0;
			defaultConfigurationName = Release;
		};
		99CBB75627D95BA3002212D8 /* Build configuration list for PBXNativeTarget "AULA 03UITests" */ = {
			isa = XCConfigurationList;
			buildConfigurations = (
				99CBB75727D95BA3002212D8 /* Debug */,
				99CBB75827D95BA3002212D8 /* Release */,
			);
			defaultConfigurationIsVisible = 0;
			defaultConfigurationName = Release;
		};
/* End XCConfigurationList section */
	};
	rootObject = 99CBB71E27D95BA1002212D8 /* Project object */;
}
