// !$*UTF8*$!
{
	archiveVersion = 1;
	classes = {
	};
	objectVersion = 55;
	objects = {

/* Begin PBXBuildFile section */
		99B3932127E9290E00D047FD /* AppDelegate.swift in Sources */ = {isa = PBXBuildFile; fileRef = 99B3932027E9290E00D047FD /* AppDelegate.swift */; };
		99B3932327E9290E00D047FD /* SceneDelegate.swift in Sources */ = {isa = PBXBuildFile; fileRef = 99B3932227E9290E00D047FD /* SceneDelegate.swift */; };
		99B3932527E9290E00D047FD /* ViewController.swift in Sources */ = {isa = PBXBuildFile; fileRef = 99B3932427E9290E00D047FD /* ViewController.swift */; };
		99B3932827E9290E00D047FD /* Main.storyboard in Resources */ = {isa = PBXBuildFile; fileRef = 99B3932627E9290E00D047FD /* Main.storyboard */; };
		99B3932A27E9290F00D047FD /* Assets.xcassets in Resources */ = {isa = PBXBuildFile; fileRef = 99B3932927E9290F00D047FD /* Assets.xcassets */; };
		99B3932D27E9290F00D047FD /* LaunchScreen.storyboard in Resources */ = {isa = PBXBuildFile; fileRef = 99B3932B27E9290F00D047FD /* LaunchScreen.storyboard */; };
		99B3933D27E929D800D047FD /* Service.swift in Sources */ = {isa = PBXBuildFile; fileRef = 99B3933C27E929D800D047FD /* Service.swift */; };
		99B3934227E92AC400D047FD /* Contact.swift in Sources */ = {isa = PBXBuildFile; fileRef = 99B3934127E92AC400D047FD /* Contact.swift */; };
		99B3934427E92DF200D047FD /* UIImageView+extensions.swift in Sources */ = {isa = PBXBuildFile; fileRef = 99B3934327E92DF200D047FD /* UIImageView+extensions.swift */; };
		99B3934827E9305100D047FD /* ContactTableViewCell.swift in Sources */ = {isa = PBXBuildFile; fileRef = 99B3934627E9305100D047FD /* ContactTableViewCell.swift */; };
		99B3934927E9305100D047FD /* ContactTableViewCell.xib in Resources */ = {isa = PBXBuildFile; fileRef = 99B3934727E9305100D047FD /* ContactTableViewCell.xib */; };
/* End PBXBuildFile section */

/* Begin PBXFileReference section */
		99B3931D27E9290E00D047FD /* MessageApp.app */ = {isa = PBXFileReference; explicitFileType = wrapper.application; includeInIndex = 0; path = MessageApp.app; sourceTree = BUILT_PRODUCTS_DIR; };
		99B3932027E9290E00D047FD /* AppDelegate.swift */ = {isa = PBXFileReference; lastKnownFileType = sourcecode.swift; path = AppDelegate.swift; sourceTree = "<group>"; };
		99B3932227E9290E00D047FD /* SceneDelegate.swift */ = {isa = PBXFileReference; lastKnownFileType = sourcecode.swift; path = SceneDelegate.swift; sourceTree = "<group>"; };
		99B3932427E9290E00D047FD /* ViewController.swift */ = {isa = PBXFileReference; lastKnownFileType = sourcecode.swift; path = ViewController.swift; sourceTree = "<group>"; };
		99B3932727E9290E00D047FD /* Base */ = {isa = PBXFileReference; lastKnownFileType = file.storyboard; name = Base; path = Base.lproj/Main.storyboard; sourceTree = "<group>"; };
		99B3932927E9290F00D047FD /* Assets.xcassets */ = {isa = PBXFileReference; lastKnownFileType = folder.assetcatalog; path = Assets.xcassets; sourceTree = "<group>"; };
		99B3932C27E9290F00D047FD /* Base */ = {isa = PBXFileReference; lastKnownFileType = file.storyboard; name = Base; path = Base.lproj/LaunchScreen.storyboard; sourceTree = "<group>"; };
		99B3932E27E9290F00D047FD /* Info.plist */ = {isa = PBXFileReference; lastKnownFileType = text.plist.xml; path = Info.plist; sourceTree = "<group>"; };
		99B3933C27E929D800D047FD /* Service.swift */ = {isa = PBXFileReference; lastKnownFileType = sourcecode.swift; path = Service.swift; sourceTree = "<group>"; };
		99B3934127E92AC400D047FD /* Contact.swift */ = {isa = PBXFileReference; lastKnownFileType = sourcecode.swift; path = Contact.swift; sourceTree = "<group>"; };
		99B3934327E92DF200D047FD /* UIImageView+extensions.swift */ = {isa = PBXFileReference; fileEncoding = 4; lastKnownFileType = sourcecode.swift; name = "UIImageView+extensions.swift"; path = "../../../../../Downloads/UIImageView+extensions.swift"; sourceTree = "<group>"; };
		99B3934627E9305100D047FD /* ContactTableViewCell.swift */ = {isa = PBXFileReference; lastKnownFileType = sourcecode.swift; path = ContactTableViewCell.swift; sourceTree = "<group>"; };
		99B3934727E9305100D047FD /* ContactTableViewCell.xib */ = {isa = PBXFileReference; lastKnownFileType = file.xib; path = ContactTableViewCell.xib; sourceTree = "<group>"; };
		99B3934B27E93AF200D047FD /* UIImageView+extensions.swift */ = {isa = PBXFileReference; lastKnownFileType = sourcecode.swift; path = "UIImageView+extensions.swift"; sourceTree = "<group>"; };
/* End PBXFileReference section */

/* Begin PBXFrameworksBuildPhase section */
		99B3931A27E9290E00D047FD /* Frameworks */ = {
			isa = PBXFrameworksBuildPhase;
			buildActionMask = 2147483647;
			files = (
			);
			runOnlyForDeploymentPostprocessing = 0;
		};
/* End PBXFrameworksBuildPhase section */

/* Begin PBXGroup section */
		99B3931427E9290E00D047FD = {
			isa = PBXGroup;
			children = (
				99B3931F27E9290E00D047FD /* MessageApp */,
				99B3931E27E9290E00D047FD /* Products */,
			);
			sourceTree = "<group>";
		};
		99B3931E27E9290E00D047FD /* Products */ = {
			isa = PBXGroup;
			children = (
				99B3931D27E9290E00D047FD /* MessageApp.app */,
			);
			name = Products;
			sourceTree = "<group>";
		};
		99B3931F27E9290E00D047FD /* MessageApp */ = {
			isa = PBXGroup;
			children = (
				99B3934A27E93AEC00D047FD /* Extension */,
				99B3934527E9303B00D047FD /* Contact Cell */,
				99B3933E27E92A9E00D047FD /* Model */,
				99B3933B27E929CC00D047FD /* Service */,
				99B3932027E9290E00D047FD /* AppDelegate.swift */,
				99B3932227E9290E00D047FD /* SceneDelegate.swift */,
				99B3932427E9290E00D047FD /* ViewController.swift */,
				99B3932627E9290E00D047FD /* Main.storyboard */,
				99B3932927E9290F00D047FD /* Assets.xcassets */,
				99B3932B27E9290F00D047FD /* LaunchScreen.storyboard */,
				99B3932E27E9290F00D047FD /* Info.plist */,
			);
			path = MessageApp;
			sourceTree = "<group>";
		};
		99B3933B27E929CC00D047FD /* Service */ = {
			isa = PBXGroup;
			children = (
				99B3933C27E929D800D047FD /* Service.swift */,
				99B3934327E92DF200D047FD /* UIImageView+extensions.swift */,
			);
			path = Service;
			sourceTree = "<group>";
		};
		99B3933E27E92A9E00D047FD /* Model */ = {
			isa = PBXGroup;
			children = (
				99B3934127E92AC400D047FD /* Contact.swift */,
			);
			path = Model;
			sourceTree = "<group>";
		};
		99B3934527E9303B00D047FD /* Contact Cell */ = {
			isa = PBXGroup;
			children = (
				99B3934627E9305100D047FD /* ContactTableViewCell.swift */,
				99B3934727E9305100D047FD /* ContactTableViewCell.xib */,
			);
			path = "Contact Cell";
			sourceTree = "<group>";
		};
		99B3934A27E93AEC00D047FD /* Extension */ = {
			isa = PBXGroup;
			children = (
				99B3934B27E93AF200D047FD /* UIImageView+extensions.swift */,
			);
			path = Extension;
			sourceTree = "<group>";
		};
/* End PBXGroup section */

/* Begin PBXNativeTarget section */
		99B3931C27E9290E00D047FD /* MessageApp */ = {
			isa = PBXNativeTarget;
			buildConfigurationList = 99B3933127E9290F00D047FD /* Build configuration list for PBXNativeTarget "MessageApp" */;
			buildPhases = (
				99B3931927E9290E00D047FD /* Sources */,
				99B3931A27E9290E00D047FD /* Frameworks */,
				99B3931B27E9290E00D047FD /* Resources */,
			);
			buildRules = (
			);
			dependencies = (
			);
			name = MessageApp;
			productName = MessageApp;
			productReference = 99B3931D27E9290E00D047FD /* MessageApp.app */;
			productType = "com.apple.product-type.application";
		};
/* End PBXNativeTarget section */

/* Begin PBXProject section */
		99B3931527E9290E00D047FD /* Project object */ = {
			isa = PBXProject;
			attributes = {
				BuildIndependentTargetsInParallel = 1;
				LastSwiftUpdateCheck = 1320;
				LastUpgradeCheck = 1320;
				TargetAttributes = {
					99B3931C27E9290E00D047FD = {
						CreatedOnToolsVersion = 13.2.1;
					};
				};
			};
			buildConfigurationList = 99B3931827E9290E00D047FD /* Build configuration list for PBXProject "MessageApp" */;
			compatibilityVersion = "Xcode 13.0";
			developmentRegion = en;
			hasScannedForEncodings = 0;
			knownRegions = (
				en,
				Base,
			);
			mainGroup = 99B3931427E9290E00D047FD;
			productRefGroup = 99B3931E27E9290E00D047FD /* Products */;
			projectDirPath = "";
			projectRoot = "";
			targets = (
				99B3931C27E9290E00D047FD /* MessageApp */,
			);
		};
/* End PBXProject section */

/* Begin PBXResourcesBuildPhase section */
		99B3931B27E9290E00D047FD /* Resources */ = {
			isa = PBXResourcesBuildPhase;
			buildActionMask = 2147483647;
			files = (
				99B3934927E9305100D047FD /* ContactTableViewCell.xib in Resources */,
				99B3932D27E9290F00D047FD /* LaunchScreen.storyboard in Resources */,
				99B3932A27E9290F00D047FD /* Assets.xcassets in Resources */,
				99B3932827E9290E00D047FD /* Main.storyboard in Resources */,
			);
			runOnlyForDeploymentPostprocessing = 0;
		};
/* End PBXResourcesBuildPhase section */

/* Begin PBXSourcesBuildPhase section */
		99B3931927E9290E00D047FD /* Sources */ = {
			isa = PBXSourcesBuildPhase;
			buildActionMask = 2147483647;
			files = (
				99B3934427E92DF200D047FD /* UIImageView+extensions.swift in Sources */,
				99B3932527E9290E00D047FD /* ViewController.swift in Sources */,
				99B3933D27E929D800D047FD /* Service.swift in Sources */,
				99B3934227E92AC400D047FD /* Contact.swift in Sources */,
				99B3934827E9305100D047FD /* ContactTableViewCell.swift in Sources */,
				99B3932127E9290E00D047FD /* AppDelegate.swift in Sources */,
				99B3932327E9290E00D047FD /* SceneDelegate.swift in Sources */,
			);
			runOnlyForDeploymentPostprocessing = 0;
		};
/* End PBXSourcesBuildPhase section */

/* Begin PBXVariantGroup section */
		99B3932627E9290E00D047FD /* Main.storyboard */ = {
			isa = PBXVariantGroup;
			children = (
				99B3932727E9290E00D047FD /* Base */,
			);
			name = Main.storyboard;
			sourceTree = "<group>";
		};
		99B3932B27E9290F00D047FD /* LaunchScreen.storyboard */ = {
			isa = PBXVariantGroup;
			children = (
				99B3932C27E9290F00D047FD /* Base */,
			);
			name = LaunchScreen.storyboard;
			sourceTree = "<group>";
		};
/* End PBXVariantGroup section */

/* Begin XCBuildConfiguration section */
		99B3932F27E9290F00D047FD /* Debug */ = {
			isa = XCBuildConfiguration;
			buildSettings = {
				ALWAYS_SEARCH_USER_PATHS = NO;
				CLANG_ANALYZER_NONNULL = YES;
				CLANG_ANALYZER_NUMBER_OBJECT_CONVERSION = YES_AGGRESSIVE;
				CLANG_CXX_LANGUAGE_STANDARD = "gnu++17";
				CLANG_CXX_LIBRARY = "libc++";
				CLANG_ENABLE_MODULES = YES;
				CLANG_ENABLE_OBJC_ARC = YES;
				CLANG_ENABLE_OBJC_WEAK = YES;
				CLANG_WARN_BLOCK_CAPTURE_AUTORELEASING = YES;
				CLANG_WARN_BOOL_CONVERSION = YES;
				CLANG_WARN_COMMA = YES;
				CLANG_WARN_CONSTANT_CONVERSION = YES;
				CLANG_WARN_DEPRECATED_OBJC_IMPLEMENTATIONS = YES;
				CLANG_WARN_DIRECT_OBJC_ISA_USAGE = YES_ERROR;
				CLANG_WARN_DOCUMENTATION_COMMENTS = YES;
				CLANG_WARN_EMPTY_BODY = YES;
				CLANG_WARN_ENUM_CONVERSION = YES;
				CLANG_WARN_INFINITE_RECURSION = YES;
				CLANG_WARN_INT_CONVERSION = YES;
				CLANG_WARN_NON_LITERAL_NULL_CONVERSION = YES;
				CLANG_WARN_OBJC_IMPLICIT_RETAIN_SELF = YES;
				CLANG_WARN_OBJC_LITERAL_CONVERSION = YES;
				CLANG_WARN_OBJC_ROOT_CLASS = YES_ERROR;
				CLANG_WARN_QUOTED_INCLUDE_IN_FRAMEWORK_HEADER = YES;
				CLANG_WARN_RANGE_LOOP_ANALYSIS = YES;
				CLANG_WARN_STRICT_PROTOTYPES = YES;
				CLANG_WARN_SUSPICIOUS_MOVE = YES;
				CLANG_WARN_UNGUARDED_AVAILABILITY = YES_AGGRESSIVE;
				CLANG_WARN_UNREACHABLE_CODE = YES;
				CLANG_WARN__DUPLICATE_METHOD_MATCH = YES;
				COPY_PHASE_STRIP = NO;
				DEBUG_INFORMATION_FORMAT = dwarf;
				ENABLE_STRICT_OBJC_MSGSEND = YES;
				ENABLE_TESTABILITY = YES;
				GCC_C_LANGUAGE_STANDARD = gnu11;
				GCC_DYNAMIC_NO_PIC = NO;
				GCC_NO_COMMON_BLOCKS = YES;
				GCC_OPTIMIZATION_LEVEL = 0;
				GCC_PREPROCESSOR_DEFINITIONS = (
					"DEBUG=1",
					"$(inherited)",
				);
				GCC_WARN_64_TO_32_BIT_CONVERSION = YES;
				GCC_WARN_ABOUT_RETURN_TYPE = YES_ERROR;
				GCC_WARN_UNDECLARED_SELECTOR = YES;
				GCC_WARN_UNINITIALIZED_AUTOS = YES_AGGRESSIVE;
				GCC_WARN_UNUSED_FUNCTION = YES;
				GCC_WARN_UNUSED_VARIABLE = YES;
				IPHONEOS_DEPLOYMENT_TARGET = 15.2;
				MTL_ENABLE_DEBUG_INFO = INCLUDE_SOURCE;
				MTL_FAST_MATH = YES;
				ONLY_ACTIVE_ARCH = YES;
				SDKROOT = iphoneos;
				SWIFT_ACTIVE_COMPILATION_CONDITIONS = DEBUG;
				SWIFT_OPTIMIZATION_LEVEL = "-Onone";
			};
			name = Debug;
		};
		99B3933027E9290F00D047FD /* Release */ = {
			isa = XCBuildConfiguration;
			buildSettings = {
				ALWAYS_SEARCH_USER_PATHS = NO;
				CLANG_ANALYZER_NONNULL = YES;
				CLANG_ANALYZER_NUMBER_OBJECT_CONVERSION = YES_AGGRESSIVE;
				CLANG_CXX_LANGUAGE_STANDARD = "gnu++17";
				CLANG_CXX_LIBRARY = "libc++";
				CLANG_ENABLE_MODULES = YES;
				CLANG_ENABLE_OBJC_ARC = YES;
				CLANG_ENABLE_OBJC_WEAK = YES;
				CLANG_WARN_BLOCK_CAPTURE_AUTORELEASING = YES;
				CLANG_WARN_BOOL_CONVERSION = YES;
				CLANG_WARN_COMMA = YES;
				CLANG_WARN_CONSTANT_CONVERSION = YES;
				CLANG_WARN_DEPRECATED_OBJC_IMPLEMENTATIONS = YES;
				CLANG_WARN_DIRECT_OBJC_ISA_USAGE = YES_ERROR;
				CLANG_WARN_DOCUMENTATION_COMMENTS = YES;
				CLANG_WARN_EMPTY_BODY = YES;
				CLANG_WARN_ENUM_CONVERSION = YES;
				CLANG_WARN_INFINITE_RECURSION = YES;
				CLANG_WARN_INT_CONVERSION = YES;
				CLANG_WARN_NON_LITERAL_NULL_CONVERSION = YES;
				CLANG_WARN_OBJC_IMPLICIT_RETAIN_SELF = YES;
				CLANG_WARN_OBJC_LITERAL_CONVERSION = YES;
				CLANG_WARN_OBJC_ROOT_CLASS = YES_ERROR;
				CLANG_WARN_QUOTED_INCLUDE_IN_FRAMEWORK_HEADER = YES;
				CLANG_WARN_RANGE_LOOP_ANALYSIS = YES;
				CLANG_WARN_STRICT_PROTOTYPES = YES;
				CLANG_WARN_SUSPICIOUS_MOVE = YES;
				CLANG_WARN_UNGUARDED_AVAILABILITY = YES_AGGRESSIVE;
				CLANG_WARN_UNREACHABLE_CODE = YES;
				CLANG_WARN__DUPLICATE_METHOD_MATCH = YES;
				COPY_PHASE_STRIP = NO;
				DEBUG_INFORMATION_FORMAT = "dwarf-with-dsym";
				ENABLE_NS_ASSERTIONS = NO;
				ENABLE_STRICT_OBJC_MSGSEND = YES;
				GCC_C_LANGUAGE_STANDARD = gnu11;
				GCC_NO_COMMON_BLOCKS = YES;
				GCC_WARN_64_TO_32_BIT_CONVERSION = YES;
				GCC_WARN_ABOUT_RETURN_TYPE = YES_ERROR;
				GCC_WARN_UNDECLARED_SELECTOR = YES;
				GCC_WARN_UNINITIALIZED_AUTOS = YES_AGGRESSIVE;
				GCC_WARN_UNUSED_FUNCTION = YES;
				GCC_WARN_UNUSED_VARIABLE = YES;
				IPHONEOS_DEPLOYMENT_TARGET = 15.2;
				MTL_ENABLE_DEBUG_INFO = NO;
				MTL_FAST_MATH = YES;
				SDKROOT = iphoneos;
				SWIFT_COMPILATION_MODE = wholemodule;
				SWIFT_OPTIMIZATION_LEVEL = "-O";
				VALIDATE_PRODUCT = YES;
			};
			name = Release;
		};
		99B3933227E9290F00D047FD /* Debug */ = {
			isa = XCBuildConfiguration;
			buildSettings = {
				ASSETCATALOG_COMPILER_APPICON_NAME = AppIcon;
				ASSETCATALOG_COMPILER_GLOBAL_ACCENT_COLOR_NAME = AccentColor;
				CODE_SIGN_STYLE = Automatic;
				CURRENT_PROJECT_VERSION = 1;
				DEVELOPMENT_TEAM = 9SST9GN3M8;
				GENERATE_INFOPLIST_FILE = YES;
				INFOPLIST_FILE = MessageApp/Info.plist;
				INFOPLIST_KEY_UIApplicationSupportsIndirectInputEvents = YES;
				INFOPLIST_KEY_UILaunchStoryboardName = LaunchScreen;
				INFOPLIST_KEY_UIMainStoryboardFile = Main;
				INFOPLIST_KEY_UISupportedInterfaceOrientations_iPad = "UIInterfaceOrientationPortrait UIInterfaceOrientationPortraitUpsideDown UIInterfaceOrientationLandscapeLeft UIInterfaceOrientationLandscapeRight";
				INFOPLIST_KEY_UISupportedInterfaceOrientations_iPhone = "UIInterfaceOrientationPortrait UIInterfaceOrientationLandscapeLeft UIInterfaceOrientationLandscapeRight";
				LD_RUNPATH_SEARCH_PATHS = (
					"$(inherited)",
					"@executable_path/Frameworks",
				);
				MARKETING_VERSION = 1.0;
				PRODUCT_BUNDLE_IDENTIFIER = com.cursoID.MessageApp;
				PRODUCT_NAME = "$(TARGET_NAME)";
				SWIFT_EMIT_LOC_STRINGS = YES;
				SWIFT_VERSION = 5.0;
				TARGETED_DEVICE_FAMILY = "1,2";
			};
			name = Debug;
		};
		99B3933327E9290F00D047FD /* Release */ = {
			isa = XCBuildConfiguration;
			buildSettings = {
				ASSETCATALOG_COMPILER_APPICON_NAME = AppIcon;
				ASSETCATALOG_COMPILER_GLOBAL_ACCENT_COLOR_NAME = AccentColor;
				CODE_SIGN_STYLE = Automatic;
				CURRENT_PROJECT_VERSION = 1;
				DEVELOPMENT_TEAM = 9SST9GN3M8;
				GENERATE_INFOPLIST_FILE = YES;
				INFOPLIST_FILE = MessageApp/Info.plist;
				INFOPLIST_KEY_UIApplicationSupportsIndirectInputEvents = YES;
				INFOPLIST_KEY_UILaunchStoryboardName = LaunchScreen;
				INFOPLIST_KEY_UIMainStoryboardFile = Main;
				INFOPLIST_KEY_UISupportedInterfaceOrientations_iPad = "UIInterfaceOrientationPortrait UIInterfaceOrientationPortraitUpsideDown UIInterfaceOrientationLandscapeLeft UIInterfaceOrientationLandscapeRight";
				INFOPLIST_KEY_UISupportedInterfaceOrientations_iPhone = "UIInterfaceOrientationPortrait UIInterfaceOrientationLandscapeLeft UIInterfaceOrientationLandscapeRight";
				LD_RUNPATH_SEARCH_PATHS = (
					"$(inherited)",
					"@executable_path/Frameworks",
				);
				MARKETING_VERSION = 1.0;
				PRODUCT_BUNDLE_IDENTIFIER = com.cursoID.MessageApp;
				PRODUCT_NAME = "$(TARGET_NAME)";
				SWIFT_EMIT_LOC_STRINGS = YES;
				SWIFT_VERSION = 5.0;
				TARGETED_DEVICE_FAMILY = "1,2";
			};
			name = Release;
		};
/* End XCBuildConfiguration section */

/* Begin XCConfigurationList section */
		99B3931827E9290E00D047FD /* Build configuration list for PBXProject "MessageApp" */ = {
			isa = XCConfigurationList;
			buildConfigurations = (
				99B3932F27E9290F00D047FD /* Debug */,
				99B3933027E9290F00D047FD /* Release */,
			);
			defaultConfigurationIsVisible = 0;
			defaultConfigurationName = Release;
		};
		99B3933127E9290F00D047FD /* Build configuration list for PBXNativeTarget "MessageApp" */ = {
			isa = XCConfigurationList;
			buildConfigurations = (
				99B3933227E9290F00D047FD /* Debug */,
				99B3933327E9290F00D047FD /* Release */,
			);
			defaultConfigurationIsVisible = 0;
			defaultConfigurationName = Release;
		};
/* End XCConfigurationList section */
	};
	rootObject = 99B3931527E9290E00D047FD /* Project object */;
}
